
Microsoft Visual Studio Solution File, Format Version 12.00
# Visual Studio Version 17
VisualStudioVersion = 17.14.36511.14
MinimumVisualStudioVersion = 10.0.40219.1
Project("{FAE04EC0-301F-11D3-BF4B-00C04F79EFBC}") = "hitsApplication", "hitsApplication\hitsApplication.csproj", "{A7763CB9-FEF1-4998-9860-DE07958CE880}"
EndProject
Project("{FAE04EC0-301F-11D3-BF4B-00C04F79EFBC}") = "hitsApplication.Tests", "hitsApplication.Tests\hitsApplication.Tests.csproj", "{8F918C80-E767-444A-9A39-B37BAB953606}"
EndProject
Global
	GlobalSection(SolutionConfigurationPlatforms) = preSolution
		Debug|Any CPU = Debug|Any CPU
		Release|Any CPU = Release|Any CPU
	EndGlobalSection
	GlobalSection(ProjectConfigurationPlatforms) = postSolution
		{A7763CB9-FEF1-4998-9860-DE07958CE880}.Debug|Any CPU.ActiveCfg = Debug|Any CPU
		{A7763CB9-FEF1-4998-9860-DE07958CE880}.Debug|Any CPU.Build.0 = Debug|Any CPU
		{A7763CB9-FEF1-4998-9860-DE07958CE880}.Release|Any CPU.ActiveCfg = Release|Any CPU
		{A7763CB9-FEF1-4998-9860-DE07958CE880}.Release|Any CPU.Build.0 = Release|Any CPU
		{8F918C80-E767-444A-9A39-B37BAB953606}.Debug|Any CPU.ActiveCfg = Debug|Any CPU
		{8F918C80-E767-444A-9A39-B37BAB953606}.Debug|Any CPU.Build.0 = Debug|Any CPU
		{8F918C80-E767-444A-9A39-B37BAB953606}.Release|Any CPU.ActiveCfg = Release|Any CPU
		{8F918C80-E767-444A-9A39-B37BAB953606}.Release|Any CPU.Build.0 = Release|Any CPU
	EndGlobalSection
	GlobalSection(SolutionProperties) = preSolution
		HideSolutionNode = FALSE
	EndGlobalSection
	GlobalSection(ExtensibilityGlobals) = postSolution
		SolutionGuid = {D77BD02A-45A5-4C2D-8780-8344F0995952}
	EndGlobalSection
EndGlobal
